
Microsoft Visual Studio Solution File, Format Version 12.00
# Visual Studio Version 16
VisualStudioVersion = 16.0.34601.136
MinimumVisualStudioVersion = 10.0.40219.1
Project("{FAE04EC0-301F-11D3-BF4B-00C04F79EFBC}") = "CajeroAutomaticoForm", "CajeroAutomaticoForm\CajeroAutomaticoForm.csproj", "{F8BBDEB4-DB59-4BDE-B6BC-71419C262264}"
EndProject
Global
	GlobalSection(SolutionConfigurationPlatforms) = preSolution
		Debug|Any CPU = Debug|Any CPU
		Release|Any CPU = Release|Any CPU
	EndGlobalSection
	GlobalSection(ProjectConfigurationPlatforms) = postSolution
		{F8BBDEB4-DB59-4BDE-B6BC-71419C262264}.Debug|Any CPU.ActiveCfg = Debug|Any CPU
		{F8BBDEB4-DB59-4BDE-B6BC-71419C262264}.Debug|Any CPU.Build.0 = Debug|Any CPU
		{F8BBDEB4-DB59-4BDE-B6BC-71419C262264}.Release|Any CPU.ActiveCfg = Release|Any CPU
		{F8BBDEB4-DB59-4BDE-B6BC-71419C262264}.Release|Any CPU.Build.0 = Release|Any CPU
	EndGlobalSection
	GlobalSection(SolutionProperties) = preSolution
		HideSolutionNode = FALSE
	EndGlobalSection
	GlobalSection(ExtensibilityGlobals) = postSolution
		SolutionGuid = {D2D2AA28-BA4D-4392-B3E0-DD6E564E47A2}
	EndGlobalSection
EndGlobal
